
Microsoft Visual Studio Solution File, Format Version 12.00
# Visual Studio Version 16
VisualStudioVersion = 16.0.30709.132
MinimumVisualStudioVersion = 10.0.40219.1
Project("{9A19103F-16F7-4668-BE54-9A1E7A4F7556}") = "lolhub", "lolhub\lolhub.csproj", "{7366E669-6CB9-4438-BC87-7BDC9ABC87FF}"
EndProject
Global
	GlobalSection(SolutionConfigurationPlatforms) = preSolution
		Debug|Any CPU = Debug|Any CPU
		Release|Any CPU = Release|Any CPU
	EndGlobalSection
	GlobalSection(ProjectConfigurationPlatforms) = postSolution
		{7366E669-6CB9-4438-BC87-7BDC9ABC87FF}.Debug|Any CPU.ActiveCfg = Debug|Any CPU
		{7366E669-6CB9-4438-BC87-7BDC9ABC87FF}.Debug|Any CPU.Build.0 = Debug|Any CPU
		{7366E669-6CB9-4438-BC87-7BDC9ABC87FF}.Release|Any CPU.ActiveCfg = Release|Any CPU
		{7366E669-6CB9-4438-BC87-7BDC9ABC87FF}.Release|Any CPU.Build.0 = Release|Any CPU
	EndGlobalSection
	GlobalSection(SolutionProperties) = preSolution
		HideSolutionNode = FALSE
	EndGlobalSection
	GlobalSection(ExtensibilityGlobals) = postSolution
		SolutionGuid = {AA8C627F-9AD2-44AD-94E5-A54B87C82407}
	EndGlobalSection
EndGlobal
